
Microsoft Visual Studio Solution File, Format Version 12.00
# Visual Studio Version 17
VisualStudioVersion = 17.4.33205.214
MinimumVisualStudioVersion = 10.0.40219.1
Project("{FAE04EC0-301F-11D3-BF4B-00C04F79EFBC}") = "NZWalks.API", "NZWalks.API\NZWalks.API.csproj", "{B984EDE0-4DDC-44D9-BDC9-C204666A02E6}"
EndProject
Global
	GlobalSection(SolutionConfigurationPlatforms) = preSolution
		Debug|Any CPU = Debug|Any CPU
		Release|Any CPU = Release|Any CPU
	EndGlobalSection
	GlobalSection(ProjectConfigurationPlatforms) = postSolution
		{B984EDE0-4DDC-44D9-BDC9-C204666A02E6}.Debug|Any CPU.ActiveCfg = Debug|Any CPU
		{B984EDE0-4DDC-44D9-BDC9-C204666A02E6}.Debug|Any CPU.Build.0 = Debug|Any CPU
		{B984EDE0-4DDC-44D9-BDC9-C204666A02E6}.Release|Any CPU.ActiveCfg = Release|Any CPU
		{B984EDE0-4DDC-44D9-BDC9-C204666A02E6}.Release|Any CPU.Build.0 = Release|Any CPU
	EndGlobalSection
	GlobalSection(SolutionProperties) = preSolution
		HideSolutionNode = FALSE
	EndGlobalSection
	GlobalSection(ExtensibilityGlobals) = postSolution
		SolutionGuid = {08D0C35F-8419-4F86-B10A-6FA11A52DC55}
	EndGlobalSection
EndGlobal
